
Microsoft Visual Studio Solution File, Format Version 12.00
# Visual Studio Version 16
VisualStudioVersion = 16.0.30413.136
MinimumVisualStudioVersion = 10.0.40219.1
Project("{FAE04EC0-301F-11D3-BF4B-00C04F79EFBC}") = "StockManager.BLL", "StockManager.BLL\StockManager.BLL.csproj", "{4CCCBB08-09EB-41A6-B142-2A15A928C37B}"
EndProject
Project("{FAE04EC0-301F-11D3-BF4B-00C04F79EFBC}") = "StcokManager.DAL", "StcokManager.DAL\StcokManager.DAL.csproj", "{47FA549A-D4ED-4609-944D-1D54887873E2}"
EndProject
Project("{FAE04EC0-301F-11D3-BF4B-00C04F79EFBC}") = "StockManager.Client", "StockManager.Client\StockManager.Client.csproj", "{44AE72B4-A688-40E9-9363-D6F2F31CC763}"
EndProject
Project("{FAE04EC0-301F-11D3-BF4B-00C04F79EFBC}") = "StockManager.Test", "Stockmanager.Test\StockManager.Test.csproj", "{53B756A0-562D-47C2-9BD8-2D378AD58803}"
EndProject
Global
	GlobalSection(SolutionConfigurationPlatforms) = preSolution
		Debug|Any CPU = Debug|Any CPU
		Release|Any CPU = Release|Any CPU
	EndGlobalSection
	GlobalSection(ProjectConfigurationPlatforms) = postSolution
		{4CCCBB08-09EB-41A6-B142-2A15A928C37B}.Debug|Any CPU.ActiveCfg = Debug|Any CPU
		{4CCCBB08-09EB-41A6-B142-2A15A928C37B}.Debug|Any CPU.Build.0 = Debug|Any CPU
		{4CCCBB08-09EB-41A6-B142-2A15A928C37B}.Release|Any CPU.ActiveCfg = Release|Any CPU
		{4CCCBB08-09EB-41A6-B142-2A15A928C37B}.Release|Any CPU.Build.0 = Release|Any CPU
		{47FA549A-D4ED-4609-944D-1D54887873E2}.Debug|Any CPU.ActiveCfg = Debug|Any CPU
		{47FA549A-D4ED-4609-944D-1D54887873E2}.Debug|Any CPU.Build.0 = Debug|Any CPU
		{47FA549A-D4ED-4609-944D-1D54887873E2}.Release|Any CPU.ActiveCfg = Release|Any CPU
		{47FA549A-D4ED-4609-944D-1D54887873E2}.Release|Any CPU.Build.0 = Release|Any CPU
		{44AE72B4-A688-40E9-9363-D6F2F31CC763}.Debug|Any CPU.ActiveCfg = Debug|Any CPU
		{44AE72B4-A688-40E9-9363-D6F2F31CC763}.Debug|Any CPU.Build.0 = Debug|Any CPU
		{44AE72B4-A688-40E9-9363-D6F2F31CC763}.Release|Any CPU.ActiveCfg = Release|Any CPU
		{44AE72B4-A688-40E9-9363-D6F2F31CC763}.Release|Any CPU.Build.0 = Release|Any CPU
		{53B756A0-562D-47C2-9BD8-2D378AD58803}.Debug|Any CPU.ActiveCfg = Debug|Any CPU
		{53B756A0-562D-47C2-9BD8-2D378AD58803}.Debug|Any CPU.Build.0 = Debug|Any CPU
		{53B756A0-562D-47C2-9BD8-2D378AD58803}.Release|Any CPU.ActiveCfg = Release|Any CPU
		{53B756A0-562D-47C2-9BD8-2D378AD58803}.Release|Any CPU.Build.0 = Release|Any CPU
	EndGlobalSection
	GlobalSection(SolutionProperties) = preSolution
		HideSolutionNode = FALSE
	EndGlobalSection
	GlobalSection(ExtensibilityGlobals) = postSolution
		SolutionGuid = {6AF6F6FE-909D-4C14-B4F3-2BE63347E5F9}
	EndGlobalSection
EndGlobal
